// !$*UTF8*$!
{
	archiveVersion = 1;
	classes = {
	};
	objectVersion = 55;
	objects = {

/* Begin PBXBuildFile section */
		763AB5A4289AD87A00C0B9CE /* AppDelegate.swift in Sources */ = {isa = PBXBuildFile; fileRef = 763AB5A3289AD87A00C0B9CE /* AppDelegate.swift */; };
		763AB5A6289AD87A00C0B9CE /* SceneDelegate.swift in Sources */ = {isa = PBXBuildFile; fileRef = 763AB5A5289AD87A00C0B9CE /* SceneDelegate.swift */; };
		763AB5AB289AD87A00C0B9CE /* Main.storyboard in Resources */ = {isa = PBXBuildFile; fileRef = 763AB5A9289AD87A00C0B9CE /* Main.storyboard */; };
		763AB5AD289AD87A00C0B9CE /* Assets.xcassets in Resources */ = {isa = PBXBuildFile; fileRef = 763AB5AC289AD87A00C0B9CE /* Assets.xcassets */; };
		763AB5B0289AD87A00C0B9CE /* LaunchScreen.storyboard in Resources */ = {isa = PBXBuildFile; fileRef = 763AB5AE289AD87A00C0B9CE /* LaunchScreen.storyboard */; };
/* End PBXBuildFile section */

/* Begin PBXFileReference section */
		763AB5A0289AD87A00C0B9CE /* CustomCollectionViewLayoutPractice.app */ = {isa = PBXFileReference; explicitFileType = wrapper.application; includeInIndex = 0; path = CustomCollectionViewLayoutPractice.app; sourceTree = BUILT_PRODUCTS_DIR; };
		763AB5A3289AD87A00C0B9CE /* AppDelegate.swift */ = {isa = PBXFileReference; lastKnownFileType = sourcecode.swift; path = AppDelegate.swift; sourceTree = "<group>"; };
		763AB5A5289AD87A00C0B9CE /* SceneDelegate.swift */ = {isa = PBXFileReference; lastKnownFileType = sourcecode.swift; path = SceneDelegate.swift; sourceTree = "<group>"; };
		763AB5AA289AD87A00C0B9CE /* Base */ = {isa = PBXFileReference; lastKnownFileType = file.storyboard; name = Base; path = Base.lproj/Main.storyboard; sourceTree = "<group>"; };
		763AB5AC289AD87A00C0B9CE /* Assets.xcassets */ = {isa = PBXFileReference; lastKnownFileType = folder.assetcatalog; path = Assets.xcassets; sourceTree = "<group>"; };
		763AB5AF289AD87A00C0B9CE /* Base */ = {isa = PBXFileReference; lastKnownFileType = file.storyboard; name = Base; path = Base.lproj/LaunchScreen.storyboard; sourceTree = "<group>"; };
		763AB5B1289AD87A00C0B9CE /* Info.plist */ = {isa = PBXFileReference; lastKnownFileType = text.plist.xml; path = Info.plist; sourceTree = "<group>"; };
/* End PBXFileReference section */

/* Begin PBXFrameworksBuildPhase section */
		763AB59D289AD87A00C0B9CE /* Frameworks */ = {
			isa = PBXFrameworksBuildPhase;
			buildActionMask = 2147483647;
			files = (
			);
			runOnlyForDeploymentPostprocessing = 0;
		};
/* End PBXFrameworksBuildPhase section */

/* Begin PBXGroup section */
		763AB597289AD87A00C0B9CE = {
			isa = PBXGroup;
			children = (
				763AB5A2289AD87A00C0B9CE /* CustomCollectionViewLayoutPractice */,
				763AB5A1289AD87A00C0B9CE /* Products */,
			);
			sourceTree = "<group>";
		};
		763AB5A1289AD87A00C0B9CE /* Products */ = {
			isa = PBXGroup;
			children = (
				763AB5A0289AD87A00C0B9CE /* CustomCollectionViewLayoutPractice.app */,
			);
			name = Products;
			sourceTree = "<group>";
		};
		763AB5A2289AD87A00C0B9CE /* CustomCollectionViewLayoutPractice */ = {
			isa = PBXGroup;
			children = (
				763AB5A3289AD87A00C0B9CE /* AppDelegate.swift */,
				763AB5A5289AD87A00C0B9CE /* SceneDelegate.swift */,
				763AB5B8289AD89A00C0B9CE /* Assets */,
				763AB5B7289AD89600C0B9CE /* Layouts */,
				763AB5BC289AD8FE00C0B9CE /* Models */,
				763AB5BB289AD8DA00C0B9CE /* Storyboards & Xibs */,
				763AB5B9289AD8A700C0B9CE /* Supporting Files */,
				763AB5BA289AD8CF00C0B9CE /* View Controllers */,
			);
			path = CustomCollectionViewLayoutPractice;
			sourceTree = "<group>";
		};
		763AB5B7289AD89600C0B9CE /* Layouts */ = {
			isa = PBXGroup;
			children = (
			);
			path = Layouts;
			sourceTree = "<group>";
		};
		763AB5B8289AD89A00C0B9CE /* Assets */ = {
			isa = PBXGroup;
			children = (
				763AB5AC289AD87A00C0B9CE /* Assets.xcassets */,
			);
			path = Assets;
			sourceTree = "<group>";
		};
		763AB5B9289AD8A700C0B9CE /* Supporting Files */ = {
			isa = PBXGroup;
			children = (
				763AB5B1289AD87A00C0B9CE /* Info.plist */,
			);
			path = "Supporting Files";
			sourceTree = "<group>";
		};
		763AB5BA289AD8CF00C0B9CE /* View Controllers */ = {
			isa = PBXGroup;
			children = (
			);
			path = "View Controllers";
			sourceTree = "<group>";
		};
		763AB5BB289AD8DA00C0B9CE /* Storyboards & Xibs */ = {
			isa = PBXGroup;
			children = (
				763AB5A9289AD87A00C0B9CE /* Main.storyboard */,
				763AB5AE289AD87A00C0B9CE /* LaunchScreen.storyboard */,
			);
			path = "Storyboards & Xibs";
			sourceTree = "<group>";
		};
		763AB5BC289AD8FE00C0B9CE /* Models */ = {
			isa = PBXGroup;
			children = (
			);
			path = Models;
			sourceTree = "<group>";
		};
/* End PBXGroup section */

/* Begin PBXNativeTarget section */
		763AB59F289AD87A00C0B9CE /* CustomCollectionViewLayoutPractice */ = {
			isa = PBXNativeTarget;
			buildConfigurationList = 763AB5B4289AD87A00C0B9CE /* Build configuration list for PBXNativeTarget "CustomCollectionViewLayoutPractice" */;
			buildPhases = (
				763AB59C289AD87A00C0B9CE /* Sources */,
				763AB59D289AD87A00C0B9CE /* Frameworks */,
				763AB59E289AD87A00C0B9CE /* Resources */,
			);
			buildRules = (
			);
			dependencies = (
			);
			name = CustomCollectionViewLayoutPractice;
			productName = CustomCollectionViewLayoutPractice;
			productReference = 763AB5A0289AD87A00C0B9CE /* CustomCollectionViewLayoutPractice.app */;
			productType = "com.apple.product-type.application";
		};
/* End PBXNativeTarget section */

/* Begin PBXProject section */
		763AB598289AD87A00C0B9CE /* Project object */ = {
			isa = PBXProject;
			attributes = {
				BuildIndependentTargetsInParallel = 1;
				LastSwiftUpdateCheck = 1330;
				LastUpgradeCheck = 1330;
				TargetAttributes = {
					763AB59F289AD87A00C0B9CE = {
						CreatedOnToolsVersion = 13.3.1;
					};
				};
			};
			buildConfigurationList = 763AB59B289AD87A00C0B9CE /* Build configuration list for PBXProject "CustomCollectionViewLayoutPractice" */;
			compatibilityVersion = "Xcode 13.0";
			developmentRegion = en;
			hasScannedForEncodings = 0;
			knownRegions = (
				en,
				Base,
			);
			mainGroup = 763AB597289AD87A00C0B9CE;
			productRefGroup = 763AB5A1289AD87A00C0B9CE /* Products */;
			projectDirPath = "";
			projectRoot = "";
			targets = (
				763AB59F289AD87A00C0B9CE /* CustomCollectionViewLayoutPractice */,
			);
		};
/* End PBXProject section */

/* Begin PBXResourcesBuildPhase section */
		763AB59E289AD87A00C0B9CE /* Resources */ = {
			isa = PBXResourcesBuildPhase;
			buildActionMask = 2147483647;
			files = (
				763AB5B0289AD87A00C0B9CE /* LaunchScreen.storyboard in Resources */,
				763AB5AD289AD87A00C0B9CE /* Assets.xcassets in Resources */,
				763AB5AB289AD87A00C0B9CE /* Main.storyboard in Resources */,
			);
			runOnlyForDeploymentPostprocessing = 0;
		};
/* End PBXResourcesBuildPhase section */

/* Begin PBXSourcesBuildPhase section */
		763AB59C289AD87A00C0B9CE /* Sources */ = {
			isa = PBXSourcesBuildPhase;
			buildActionMask = 2147483647;
			files = (
				763AB5A4289AD87A00C0B9CE /* AppDelegate.swift in Sources */,
				763AB5A6289AD87A00C0B9CE /* SceneDelegate.swift in Sources */,
			);
			runOnlyForDeploymentPostprocessing = 0;
		};
/* End PBXSourcesBuildPhase section */

/* Begin PBXVariantGroup section */
		763AB5A9289AD87A00C0B9CE /* Main.storyboard */ = {
			isa = PBXVariantGroup;
			children = (
				763AB5AA289AD87A00C0B9CE /* Base */,
			);
			name = Main.storyboard;
			sourceTree = "<group>";
		};
		763AB5AE289AD87A00C0B9CE /* LaunchScreen.storyboard */ = {
			isa = PBXVariantGroup;
			children = (
				763AB5AF289AD87A00C0B9CE /* Base */,
			);
			name = LaunchScreen.storyboard;
			sourceTree = "<group>";
		};
/* End PBXVariantGroup section */

/* Begin XCBuildConfiguration section */
		763AB5B2289AD87A00C0B9CE /* Debug */ = {
			isa = XCBuildConfiguration;
			buildSettings = {
				ALWAYS_SEARCH_USER_PATHS = NO;
				CLANG_ANALYZER_NONNULL = YES;
				CLANG_ANALYZER_NUMBER_OBJECT_CONVERSION = YES_AGGRESSIVE;
				CLANG_CXX_LANGUAGE_STANDARD = "gnu++17";
				CLANG_ENABLE_MODULES = YES;
				CLANG_ENABLE_OBJC_ARC = YES;
				CLANG_ENABLE_OBJC_WEAK = YES;
				CLANG_WARN_BLOCK_CAPTURE_AUTORELEASING = YES;
				CLANG_WARN_BOOL_CONVERSION = YES;
				CLANG_WARN_COMMA = YES;
				CLANG_WARN_CONSTANT_CONVERSION = YES;
				CLANG_WARN_DEPRECATED_OBJC_IMPLEMENTATIONS = YES;
				CLANG_WARN_DIRECT_OBJC_ISA_USAGE = YES_ERROR;
				CLANG_WARN_DOCUMENTATION_COMMENTS = YES;
				CLANG_WARN_EMPTY_BODY = YES;
				CLANG_WARN_ENUM_CONVERSION = YES;
				CLANG_WARN_INFINITE_RECURSION = YES;
				CLANG_WARN_INT_CONVERSION = YES;
				CLANG_WARN_NON_LITERAL_NULL_CONVERSION = YES;
				CLANG_WARN_OBJC_IMPLICIT_RETAIN_SELF = YES;
				CLANG_WARN_OBJC_LITERAL_CONVERSION = YES;
				CLANG_WARN_OBJC_ROOT_CLASS = YES_ERROR;
				CLANG_WARN_QUOTED_INCLUDE_IN_FRAMEWORK_HEADER = YES;
				CLANG_WARN_RANGE_LOOP_ANALYSIS = YES;
				CLANG_WARN_STRICT_PROTOTYPES = YES;
				CLANG_WARN_SUSPICIOUS_MOVE = YES;
				CLANG_WARN_UNGUARDED_AVAILABILITY = YES_AGGRESSIVE;
				CLANG_WARN_UNREACHABLE_CODE = YES;
				CLANG_WARN__DUPLICATE_METHOD_MATCH = YES;
				COPY_PHASE_STRIP = NO;
				DEBUG_INFORMATION_FORMAT = dwarf;
				ENABLE_STRICT_OBJC_MSGSEND = YES;
				ENABLE_TESTABILITY = YES;
				GCC_C_LANGUAGE_STANDARD = gnu11;
				GCC_DYNAMIC_NO_PIC = NO;
				GCC_NO_COMMON_BLOCKS = YES;
				GCC_OPTIMIZATION_LEVEL = 0;
				GCC_PREPROCESSOR_DEFINITIONS = (
					"DEBUG=1",
					"$(inherited)",
				);
				GCC_WARN_64_TO_32_BIT_CONVERSION = YES;
				GCC_WARN_ABOUT_RETURN_TYPE = YES_ERROR;
				GCC_WARN_UNDECLARED_SELECTOR = YES;
				GCC_WARN_UNINITIALIZED_AUTOS = YES_AGGRESSIVE;
				GCC_WARN_UNUSED_FUNCTION = YES;
				GCC_WARN_UNUSED_VARIABLE = YES;
				IPHONEOS_DEPLOYMENT_TARGET = 15.4;
				MTL_ENABLE_DEBUG_INFO = INCLUDE_SOURCE;
				MTL_FAST_MATH = YES;
				ONLY_ACTIVE_ARCH = YES;
				SDKROOT = iphoneos;
				SWIFT_ACTIVE_COMPILATION_CONDITIONS = DEBUG;
				SWIFT_OPTIMIZATION_LEVEL = "-Onone";
			};
			name = Debug;
		};
		763AB5B3289AD87A00C0B9CE /* Release */ = {
			isa = XCBuildConfiguration;
			buildSettings = {
				ALWAYS_SEARCH_USER_PATHS = NO;
				CLANG_ANALYZER_NONNULL = YES;
				CLANG_ANALYZER_NUMBER_OBJECT_CONVERSION = YES_AGGRESSIVE;
				CLANG_CXX_LANGUAGE_STANDARD = "gnu++17";
				CLANG_ENABLE_MODULES = YES;
				CLANG_ENABLE_OBJC_ARC = YES;
				CLANG_ENABLE_OBJC_WEAK = YES;
				CLANG_WARN_BLOCK_CAPTURE_AUTORELEASING = YES;
				CLANG_WARN_BOOL_CONVERSION = YES;
				CLANG_WARN_COMMA = YES;
				CLANG_WARN_CONSTANT_CONVERSION = YES;
				CLANG_WARN_DEPRECATED_OBJC_IMPLEMENTATIONS = YES;
				CLANG_WARN_DIRECT_OBJC_ISA_USAGE = YES_ERROR;
				CLANG_WARN_DOCUMENTATION_COMMENTS = YES;
				CLANG_WARN_EMPTY_BODY = YES;
				CLANG_WARN_ENUM_CONVERSION = YES;
				CLANG_WARN_INFINITE_RECURSION = YES;
				CLANG_WARN_INT_CONVERSION = YES;
				CLANG_WARN_NON_LITERAL_NULL_CONVERSION = YES;
				CLANG_WARN_OBJC_IMPLICIT_RETAIN_SELF = YES;
				CLANG_WARN_OBJC_LITERAL_CONVERSION = YES;
				CLANG_WARN_OBJC_ROOT_CLASS = YES_ERROR;
				CLANG_WARN_QUOTED_INCLUDE_IN_FRAMEWORK_HEADER = YES;
				CLANG_WARN_RANGE_LOOP_ANALYSIS = YES;
				CLANG_WARN_STRICT_PROTOTYPES = YES;
				CLANG_WARN_SUSPICIOUS_MOVE = YES;
				CLANG_WARN_UNGUARDED_AVAILABILITY = YES_AGGRESSIVE;
				CLANG_WARN_UNREACHABLE_CODE = YES;
				CLANG_WARN__DUPLICATE_METHOD_MATCH = YES;
				COPY_PHASE_STRIP = NO;
				DEBUG_INFORMATION_FORMAT = "dwarf-with-dsym";
				ENABLE_NS_ASSERTIONS = NO;
				ENABLE_STRICT_OBJC_MSGSEND = YES;
				GCC_C_LANGUAGE_STANDARD = gnu11;
				GCC_NO_COMMON_BLOCKS = YES;
				GCC_WARN_64_TO_32_BIT_CONVERSION = YES;
				GCC_WARN_ABOUT_RETURN_TYPE = YES_ERROR;
				GCC_WARN_UNDECLARED_SELECTOR = YES;
				GCC_WARN_UNINITIALIZED_AUTOS = YES_AGGRESSIVE;
				GCC_WARN_UNUSED_FUNCTION = YES;
				GCC_WARN_UNUSED_VARIABLE = YES;
				IPHONEOS_DEPLOYMENT_TARGET = 15.4;
				MTL_ENABLE_DEBUG_INFO = NO;
				MTL_FAST_MATH = YES;
				SDKROOT = iphoneos;
				SWIFT_COMPILATION_MODE = wholemodule;
				SWIFT_OPTIMIZATION_LEVEL = "-O";
				VALIDATE_PRODUCT = YES;
			};
			name = Release;
		};
		763AB5B5289AD87A00C0B9CE /* Debug */ = {
			isa = XCBuildConfiguration;
			buildSettings = {
				ASSETCATALOG_COMPILER_APPICON_NAME = AppIcon;
				ASSETCATALOG_COMPILER_GLOBAL_ACCENT_COLOR_NAME = AccentColor;
				CODE_SIGN_STYLE = Automatic;
				CURRENT_PROJECT_VERSION = 1;
				DEVELOPMENT_TEAM = RJ93CKCV9A;
				GENERATE_INFOPLIST_FILE = YES;
				INFOPLIST_FILE = CustomCollectionViewLayoutPractice/Info.plist;
				INFOPLIST_KEY_UIApplicationSupportsIndirectInputEvents = YES;
				INFOPLIST_KEY_UILaunchStoryboardName = LaunchScreen;
				INFOPLIST_KEY_UIMainStoryboardFile = Main;
				INFOPLIST_KEY_UISupportedInterfaceOrientations = UIInterfaceOrientationPortrait;
				INFOPLIST_KEY_UISupportedInterfaceOrientations_iPad = "UIInterfaceOrientationPortrait UIInterfaceOrientationPortraitUpsideDown UIInterfaceOrientationLandscapeLeft UIInterfaceOrientationLandscapeRight";
				INFOPLIST_KEY_UISupportedInterfaceOrientations_iPhone = UIInterfaceOrientationPortrait;
				IPHONEOS_DEPLOYMENT_TARGET = 15.0;
				LD_RUNPATH_SEARCH_PATHS = (
					"$(inherited)",
					"@executable_path/Frameworks",
				);
				MARKETING_VERSION = 1.0;
				PRODUCT_BUNDLE_IDENTIFIER = com.vonreal.CustomCollectionViewLayoutPractice;
				PRODUCT_NAME = "$(TARGET_NAME)";
				SWIFT_EMIT_LOC_STRINGS = YES;
				SWIFT_VERSION = 5.0;
				TARGETED_DEVICE_FAMILY = 1;
			};
			name = Debug;
		};
		763AB5B6289AD87A00C0B9CE /* Release */ = {
			isa = XCBuildConfiguration;
			buildSettings = {
				ASSETCATALOG_COMPILER_APPICON_NAME = AppIcon;
				ASSETCATALOG_COMPILER_GLOBAL_ACCENT_COLOR_NAME = AccentColor;
				CODE_SIGN_STYLE = Automatic;
				CURRENT_PROJECT_VERSION = 1;
				DEVELOPMENT_TEAM = RJ93CKCV9A;
				GENERATE_INFOPLIST_FILE = YES;
				INFOPLIST_FILE = CustomCollectionViewLayoutPractice/Info.plist;
				INFOPLIST_KEY_UIApplicationSupportsIndirectInputEvents = YES;
				INFOPLIST_KEY_UILaunchStoryboardName = LaunchScreen;
				INFOPLIST_KEY_UIMainStoryboardFile = Main;
				INFOPLIST_KEY_UISupportedInterfaceOrientations = UIInterfaceOrientationPortrait;
				INFOPLIST_KEY_UISupportedInterfaceOrientations_iPad = "UIInterfaceOrientationPortrait UIInterfaceOrientationPortraitUpsideDown UIInterfaceOrientationLandscapeLeft UIInterfaceOrientationLandscapeRight";
				INFOPLIST_KEY_UISupportedInterfaceOrientations_iPhone = UIInterfaceOrientationPortrait;
				IPHONEOS_DEPLOYMENT_TARGET = 15.0;
				LD_RUNPATH_SEARCH_PATHS = (
					"$(inherited)",
					"@executable_path/Frameworks",
				);
				MARKETING_VERSION = 1.0;
				PRODUCT_BUNDLE_IDENTIFIER = com.vonreal.CustomCollectionViewLayoutPractice;
				PRODUCT_NAME = "$(TARGET_NAME)";
				SWIFT_EMIT_LOC_STRINGS = YES;
				SWIFT_VERSION = 5.0;
				TARGETED_DEVICE_FAMILY = 1;
			};
			name = Release;
		};
/* End XCBuildConfiguration section */

/* Begin XCConfigurationList section */
		763AB59B289AD87A00C0B9CE /* Build configuration list for PBXProject "CustomCollectionViewLayoutPractice" */ = {
			isa = XCConfigurationList;
			buildConfigurations = (
				763AB5B2289AD87A00C0B9CE /* Debug */,
				763AB5B3289AD87A00C0B9CE /* Release */,
			);
			defaultConfigurationIsVisible = 0;
			defaultConfigurationName = Release;
		};
		763AB5B4289AD87A00C0B9CE /* Build configuration list for PBXNativeTarget "CustomCollectionViewLayoutPractice" */ = {
			isa = XCConfigurationList;
			buildConfigurations = (
				763AB5B5289AD87A00C0B9CE /* Debug */,
				763AB5B6289AD87A00C0B9CE /* Release */,
			);
			defaultConfigurationIsVisible = 0;
			defaultConfigurationName = Release;
		};
/* End XCConfigurationList section */
	};
	rootObject = 763AB598289AD87A00C0B9CE /* Project object */;
}
